// !$*UTF8*$!
{
	archiveVersion = 1;
	classes = {
	};
	objectVersion = 46;
	objects = {

/* Begin PBXBuildFile section */
		B14394E91D336C1E00D37197 /* main.m in Sources */ = {isa = PBXBuildFile; fileRef = B14394E81D336C1E00D37197 /* main.m */; };
		B14394EC1D336C1E00D37197 /* AppDelegate.m in Sources */ = {isa = PBXBuildFile; fileRef = B14394EB1D336C1E00D37197 /* AppDelegate.m */; };
		B14394EF1D336C1E00D37197 /* ViewController.m in Sources */ = {isa = PBXBuildFile; fileRef = B14394EE1D336C1E00D37197 /* ViewController.m */; };
		B14394F21D336C1E00D37197 /* Main.storyboard in Resources */ = {isa = PBXBuildFile; fileRef = B14394F01D336C1E00D37197 /* Main.storyboard */; };
		B14394F41D336C1E00D37197 /* Assets.xcassets in Resources */ = {isa = PBXBuildFile; fileRef = B14394F31D336C1E00D37197 /* Assets.xcassets */; };
		B14394F71D336C1E00D37197 /* LaunchScreen.storyboard in Resources */ = {isa = PBXBuildFile; fileRef = B14394F51D336C1E00D37197 /* LaunchScreen.storyboard */; };
		B14395021D336C1E00D37197 /* ZHTestTests.m in Sources */ = {isa = PBXBuildFile; fileRef = B14395011D336C1E00D37197 /* ZHTestTests.m */; };
		B143950D1D336C1E00D37197 /* ZHTestUITests.m in Sources */ = {isa = PBXBuildFile; fileRef = B143950C1D336C1E00D37197 /* ZHTestUITests.m */; };
/* End PBXBuildFile section */

/* Begin PBXContainerItemProxy section */
		B14394FE1D336C1E00D37197 /* PBXContainerItemProxy */ = {
			isa = PBXContainerItemProxy;
			containerPortal = B14394DC1D336C1E00D37197 /* Project object */;
			proxyType = 1;
			remoteGlobalIDString = B14394E31D336C1E00D37197;
			remoteInfo = ZHTest;
		};
		B14395091D336C1E00D37197 /* PBXContainerItemProxy */ = {
			isa = PBXContainerItemProxy;
			containerPortal = B14394DC1D336C1E00D37197 /* Project object */;
			proxyType = 1;
			remoteGlobalIDString = B14394E31D336C1E00D37197;
			remoteInfo = ZHTest;
		};
/* End PBXContainerItemProxy section */

/* Begin PBXFileReference section */
		B14394E41D336C1E00D37197 /* ZHTest.app */ = {isa = PBXFileReference; explicitFileType = wrapper.application; includeInIndex = 0; path = ZHTest.app; sourceTree = BUILT_PRODUCTS_DIR; };
		B14394E81D336C1E00D37197 /* main.m */ = {isa = PBXFileReference; lastKnownFileType = sourcecode.c.objc; path = main.m; sourceTree = "<group>"; };
		B14394EA1D336C1E00D37197 /* AppDelegate.h */ = {isa = PBXFileReference; lastKnownFileType = sourcecode.c.h; path = AppDelegate.h; sourceTree = "<group>"; };
		B14394EB1D336C1E00D37197 /* AppDelegate.m */ = {isa = PBXFileReference; lastKnownFileType = sourcecode.c.objc; path = AppDelegate.m; sourceTree = "<group>"; };
		B14394ED1D336C1E00D37197 /* ViewController.h */ = {isa = PBXFileReference; lastKnownFileType = sourcecode.c.h; path = ViewController.h; sourceTree = "<group>"; };
		B14394EE1D336C1E00D37197 /* ViewController.m */ = {isa = PBXFileReference; lastKnownFileType = sourcecode.c.objc; path = ViewController.m; sourceTree = "<group>"; };
		B14394F11D336C1E00D37197 /* Base */ = {isa = PBXFileReference; lastKnownFileType = file.storyboard; name = Base; path = Base.lproj/Main.storyboard; sourceTree = "<group>"; };
		B14394F31D336C1E00D37197 /* Assets.xcassets */ = {isa = PBXFileReference; lastKnownFileType = folder.assetcatalog; path = Assets.xcassets; sourceTree = "<group>"; };
		B14394F61D336C1E00D37197 /* Base */ = {isa = PBXFileReference; lastKnownFileType = file.storyboard; name = Base; path = Base.lproj/LaunchScreen.storyboard; sourceTree = "<group>"; };
		B14394F81D336C1E00D37197 /* Info.plist */ = {isa = PBXFileReference; lastKnownFileType = text.plist.xml; path = Info.plist; sourceTree = "<group>"; };
		B14394FD1D336C1E00D37197 /* ZHTestTests.xctest */ = {isa = PBXFileReference; explicitFileType = wrapper.cfbundle; includeInIndex = 0; path = ZHTestTests.xctest; sourceTree = BUILT_PRODUCTS_DIR; };
		B14395011D336C1E00D37197 /* ZHTestTests.m */ = {isa = PBXFileReference; lastKnownFileType = sourcecode.c.objc; path = ZHTestTests.m; sourceTree = "<group>"; };
		B14395031D336C1E00D37197 /* Info.plist */ = {isa = PBXFileReference; lastKnownFileType = text.plist.xml; path = Info.plist; sourceTree = "<group>"; };
		B14395081D336C1E00D37197 /* ZHTestUITests.xctest */ = {isa = PBXFileReference; explicitFileType = wrapper.cfbundle; includeInIndex = 0; path = ZHTestUITests.xctest; sourceTree = BUILT_PRODUCTS_DIR; };
		B143950C1D336C1E00D37197 /* ZHTestUITests.m */ = {isa = PBXFileReference; lastKnownFileType = sourcecode.c.objc; path = ZHTestUITests.m; sourceTree = "<group>"; };
		B143950E1D336C1E00D37197 /* Info.plist */ = {isa = PBXFileReference; lastKnownFileType = text.plist.xml; path = Info.plist; sourceTree = "<group>"; };
/* End PBXFileReference section */

/* Begin PBXFrameworksBuildPhase section */
		B14394E11D336C1E00D37197 /* Frameworks */ = {
			isa = PBXFrameworksBuildPhase;
			buildActionMask = 2147483647;
			files = (
			);
			runOnlyForDeploymentPostprocessing = 0;
		};
		B14394FA1D336C1E00D37197 /* Frameworks */ = {
			isa = PBXFrameworksBuildPhase;
			buildActionMask = 2147483647;
			files = (
			);
			runOnlyForDeploymentPostprocessing = 0;
		};
		B14395051D336C1E00D37197 /* Frameworks */ = {
			isa = PBXFrameworksBuildPhase;
			buildActionMask = 2147483647;
			files = (
			);
			runOnlyForDeploymentPostprocessing = 0;
		};
/* End PBXFrameworksBuildPhase section */

/* Begin PBXGroup section */
		B14394DB1D336C1E00D37197 = {
			isa = PBXGroup;
			children = (
				B14394E61D336C1E00D37197 /* ZHTest */,
				B14395001D336C1E00D37197 /* ZHTestTests */,
				B143950B1D336C1E00D37197 /* ZHTestUITests */,
				B14394E51D336C1E00D37197 /* Products */,
			);
			sourceTree = "<group>";
		};
		B14394E51D336C1E00D37197 /* Products */ = {
			isa = PBXGroup;
			children = (
				B14394E41D336C1E00D37197 /* ZHTest.app */,
				B14394FD1D336C1E00D37197 /* ZHTestTests.xctest */,
				B14395081D336C1E00D37197 /* ZHTestUITests.xctest */,
			);
			name = Products;
			sourceTree = "<group>";
		};
		B14394E61D336C1E00D37197 /* ZHTest */ = {
			isa = PBXGroup;
			children = (
				B14394EA1D336C1E00D37197 /* AppDelegate.h */,
				B14394EB1D336C1E00D37197 /* AppDelegate.m */,
				B14394ED1D336C1E00D37197 /* ViewController.h */,
				B14394EE1D336C1E00D37197 /* ViewController.m */,
				B14394F01D336C1E00D37197 /* Main.storyboard */,
				B14394F31D336C1E00D37197 /* Assets.xcassets */,
				B14394F51D336C1E00D37197 /* LaunchScreen.storyboard */,
				B14394F81D336C1E00D37197 /* Info.plist */,
				B14394E71D336C1E00D37197 /* Supporting Files */,
			);
			path = ZHTest;
			sourceTree = "<group>";
		};
		B14394E71D336C1E00D37197 /* Supporting Files */ = {
			isa = PBXGroup;
			children = (
				B14394E81D336C1E00D37197 /* main.m */,
			);
			name = "Supporting Files";
			sourceTree = "<group>";
		};
		B14395001D336C1E00D37197 /* ZHTestTests */ = {
			isa = PBXGroup;
			children = (
				B14395011D336C1E00D37197 /* ZHTestTests.m */,
				B14395031D336C1E00D37197 /* Info.plist */,
			);
			path = ZHTestTests;
			sourceTree = "<group>";
		};
		B143950B1D336C1E00D37197 /* ZHTestUITests */ = {
			isa = PBXGroup;
			children = (
				B143950C1D336C1E00D37197 /* ZHTestUITests.m */,
				B143950E1D336C1E00D37197 /* Info.plist */,
			);
			path = ZHTestUITests;
			sourceTree = "<group>";
		};
/* End PBXGroup section */

/* Begin PBXNativeTarget section */
		B14394E31D336C1E00D37197 /* ZHTest */ = {
			isa = PBXNativeTarget;
			buildConfigurationList = B14395111D336C1E00D37197 /* Build configuration list for PBXNativeTarget "ZHTest" */;
			buildPhases = (
				B14394E01D336C1E00D37197 /* Sources */,
				B14394E11D336C1E00D37197 /* Frameworks */,
				B14394E21D336C1E00D37197 /* Resources */,
			);
			buildRules = (
			);
			dependencies = (
			);
			name = ZHTest;
			productName = ZHTest;
			productReference = B14394E41D336C1E00D37197 /* ZHTest.app */;
			productType = "com.apple.product-type.application";
		};
		B14394FC1D336C1E00D37197 /* ZHTestTests */ = {
			isa = PBXNativeTarget;
			buildConfigurationList = B14395141D336C1E00D37197 /* Build configuration list for PBXNativeTarget "ZHTestTests" */;
			buildPhases = (
				B14394F91D336C1E00D37197 /* Sources */,
				B14394FA1D336C1E00D37197 /* Frameworks */,
				B14394FB1D336C1E00D37197 /* Resources */,
			);
			buildRules = (
			);
			dependencies = (
				B14394FF1D336C1E00D37197 /* PBXTargetDependency */,
			);
			name = ZHTestTests;
			productName = ZHTestTests;
			productReference = B14394FD1D336C1E00D37197 /* ZHTestTests.xctest */;
			productType = "com.apple.product-type.bundle.unit-test";
		};
		B14395071D336C1E00D37197 /* ZHTestUITests */ = {
			isa = PBXNativeTarget;
			buildConfigurationList = B14395171D336C1E00D37197 /* Build configuration list for PBXNativeTarget "ZHTestUITests" */;
			buildPhases = (
				B14395041D336C1E00D37197 /* Sources */,
				B14395051D336C1E00D37197 /* Frameworks */,
				B14395061D336C1E00D37197 /* Resources */,
			);
			buildRules = (
			);
			dependencies = (
				B143950A1D336C1E00D37197 /* PBXTargetDependency */,
			);
			name = ZHTestUITests;
			productName = ZHTestUITests;
			productReference = B14395081D336C1E00D37197 /* ZHTestUITests.xctest */;
			productType = "com.apple.product-type.bundle.ui-testing";
		};
/* End PBXNativeTarget section */

/* Begin PBXProject section */
		B14394DC1D336C1E00D37197 /* Project object */ = {
			isa = PBXProject;
			attributes = {
				CLASSPREFIX = ZH;
				LastUpgradeCheck = 0710;
				ORGANIZATIONNAME = Luo;
				TargetAttributes = {
					B14394E31D336C1E00D37197 = {
						CreatedOnToolsVersion = 7.1;
					};
					B14394FC1D336C1E00D37197 = {
						CreatedOnToolsVersion = 7.1;
						TestTargetID = B14394E31D336C1E00D37197;
					};
					B14395071D336C1E00D37197 = {
						CreatedOnToolsVersion = 7.1;
						TestTargetID = B14394E31D336C1E00D37197;
					};
				};
			};
			buildConfigurationList = B14394DF1D336C1E00D37197 /* Build configuration list for PBXProject "ZHTest" */;
			compatibilityVersion = "Xcode 3.2";
			developmentRegion = English;
			hasScannedForEncodings = 0;
			knownRegions = (
				en,
				Base,
			);
			mainGroup = B14394DB1D336C1E00D37197;
			productRefGroup = B14394E51D336C1E00D37197 /* Products */;
			projectDirPath = "";
			projectRoot = "";
			targets = (
				B14394E31D336C1E00D37197 /* ZHTest */,
				B14394FC1D336C1E00D37197 /* ZHTestTests */,
				B14395071D336C1E00D37197 /* ZHTestUITests */,
			);
		};
/* End PBXProject section */

/* Begin PBXResourcesBuildPhase section */
		B14394E21D336C1E00D37197 /* Resources */ = {
			isa = PBXResourcesBuildPhase;
			buildActionMask = 2147483647;
			files = (
				B14394F71D336C1E00D37197 /* LaunchScreen.storyboard in Resources */,
				B14394F41D336C1E00D37197 /* Assets.xcassets in Resources */,
				B14394F21D336C1E00D37197 /* Main.storyboard in Resources */,
			);
			runOnlyForDeploymentPostprocessing = 0;
		};
		B14394FB1D336C1E00D37197 /* Resources */ = {
			isa = PBXResourcesBuildPhase;
			buildActionMask = 2147483647;
			files = (
			);
			runOnlyForDeploymentPostprocessing = 0;
		};
		B14395061D336C1E00D37197 /* Resources */ = {
			isa = PBXResourcesBuildPhase;
			buildActionMask = 2147483647;
			files = (
			);
			runOnlyForDeploymentPostprocessing = 0;
		};
/* End PBXResourcesBuildPhase section */

/* Begin PBXSourcesBuildPhase section */
		B14394E01D336C1E00D37197 /* Sources */ = {
			isa = PBXSourcesBuildPhase;
			buildActionMask = 2147483647;
			files = (
				B14394EF1D336C1E00D37197 /* ViewController.m in Sources */,
				B14394EC1D336C1E00D37197 /* AppDelegate.m in Sources */,
				B14394E91D336C1E00D37197 /* main.m in Sources */,
			);
			runOnlyForDeploymentPostprocessing = 0;
		};
		B14394F91D336C1E00D37197 /* Sources */ = {
			isa = PBXSourcesBuildPhase;
			buildActionMask = 2147483647;
			files = (
				B14395021D336C1E00D37197 /* ZHTestTests.m in Sources */,
			);
			runOnlyForDeploymentPostprocessing = 0;
		};
		B14395041D336C1E00D37197 /* Sources */ = {
			isa = PBXSourcesBuildPhase;
			buildActionMask = 2147483647;
			files = (
				B143950D1D336C1E00D37197 /* ZHTestUITests.m in Sources */,
			);
			runOnlyForDeploymentPostprocessing = 0;
		};
/* End PBXSourcesBuildPhase section */

/* Begin PBXTargetDependency section */
		B14394FF1D336C1E00D37197 /* PBXTargetDependency */ = {
			isa = PBXTargetDependency;
			target = B14394E31D336C1E00D37197 /* ZHTest */;
			targetProxy = B14394FE1D336C1E00D37197 /* PBXContainerItemProxy */;
		};
		B143950A1D336C1E00D37197 /* PBXTargetDependency */ = {
			isa = PBXTargetDependency;
			target = B14394E31D336C1E00D37197 /* ZHTest */;
			targetProxy = B14395091D336C1E00D37197 /* PBXContainerItemProxy */;
		};
/* End PBXTargetDependency section */

/* Begin PBXVariantGroup section */
		B14394F01D336C1E00D37197 /* Main.storyboard */ = {
			isa = PBXVariantGroup;
			children = (
				B14394F11D336C1E00D37197 /* Base */,
			);
			name = Main.storyboard;
			sourceTree = "<group>";
		};
		B14394F51D336C1E00D37197 /* LaunchScreen.storyboard */ = {
			isa = PBXVariantGroup;
			children = (
				B14394F61D336C1E00D37197 /* Base */,
			);
			name = LaunchScreen.storyboard;
			sourceTree = "<group>";
		};
/* End PBXVariantGroup section */

/* Begin XCBuildConfiguration section */
		B143950F1D336C1E00D37197 /* Debug */ = {
			isa = XCBuildConfiguration;
			buildSettings = {
				ALWAYS_SEARCH_USER_PATHS = NO;
				CLANG_CXX_LANGUAGE_STANDARD = "gnu++0x";
				CLANG_CXX_LIBRARY = "libc++";
				CLANG_ENABLE_MODULES = YES;
				CLANG_ENABLE_OBJC_ARC = YES;
				CLANG_WARN_BOOL_CONVERSION = YES;
				CLANG_WARN_CONSTANT_CONVERSION = YES;
				CLANG_WARN_DIRECT_OBJC_ISA_USAGE = YES_ERROR;
				CLANG_WARN_EMPTY_BODY = YES;
				CLANG_WARN_ENUM_CONVERSION = YES;
				CLANG_WARN_INT_CONVERSION = YES;
				CLANG_WARN_OBJC_ROOT_CLASS = YES_ERROR;
				CLANG_WARN_UNREACHABLE_CODE = YES;
				CLANG_WARN__DUPLICATE_METHOD_MATCH = YES;
				"CODE_SIGN_IDENTITY[sdk=iphoneos*]" = "iPhone Developer";
				COPY_PHASE_STRIP = NO;
				DEBUG_INFORMATION_FORMAT = dwarf;
				ENABLE_STRICT_OBJC_MSGSEND = YES;
				ENABLE_TESTABILITY = YES;
				GCC_C_LANGUAGE_STANDARD = gnu99;
				GCC_DYNAMIC_NO_PIC = NO;
				GCC_NO_COMMON_BLOCKS = YES;
				GCC_OPTIMIZATION_LEVEL = 0;
				GCC_PREPROCESSOR_DEFINITIONS = (
					"DEBUG=1",
					"$(inherited)",
				);
				GCC_WARN_64_TO_32_BIT_CONVERSION = YES;
				GCC_WARN_ABOUT_RETURN_TYPE = YES_ERROR;
				GCC_WARN_UNDECLARED_SELECTOR = YES;
				GCC_WARN_UNINITIALIZED_AUTOS = YES_AGGRESSIVE;
				GCC_WARN_UNUSED_FUNCTION = YES;
				GCC_WARN_UNUSED_VARIABLE = YES;
				IPHONEOS_DEPLOYMENT_TARGET = 9.1;
				MTL_ENABLE_DEBUG_INFO = YES;
				ONLY_ACTIVE_ARCH = YES;
				SDKROOT = iphoneos;
				TARGETED_DEVICE_FAMILY = "1,2";
			};
			name = Debug;
		};
		B14395101D336C1E00D37197 /* Release */ = {
			isa = XCBuildConfiguration;
			buildSettings = {
				ALWAYS_SEARCH_USER_PATHS = NO;
				CLANG_CXX_LANGUAGE_STANDARD = "gnu++0x";
				CLANG_CXX_LIBRARY = "libc++";
				CLANG_ENABLE_MODULES = YES;
				CLANG_ENABLE_OBJC_ARC = YES;
				CLANG_WARN_BOOL_CONVERSION = YES;
				CLANG_WARN_CONSTANT_CONVERSION = YES;
				CLANG_WARN_DIRECT_OBJC_ISA_USAGE = YES_ERROR;
				CLANG_WARN_EMPTY_BODY = YES;
				CLANG_WARN_ENUM_CONVERSION = YES;
				CLANG_WARN_INT_CONVERSION = YES;
				CLANG_WARN_OBJC_ROOT_CLASS = YES_ERROR;
				CLANG_WARN_UNREACHABLE_CODE = YES;
				CLANG_WARN__DUPLICATE_METHOD_MATCH = YES;
				"CODE_SIGN_IDENTITY[sdk=iphoneos*]" = "iPhone Developer";
				COPY_PHASE_STRIP = NO;
				DEBUG_INFORMATION_FORMAT = "dwarf-with-dsym";
				ENABLE_NS_ASSERTIONS = NO;
				ENABLE_STRICT_OBJC_MSGSEND = YES;
				GCC_C_LANGUAGE_STANDARD = gnu99;
				GCC_NO_COMMON_BLOCKS = YES;
				GCC_WARN_64_TO_32_BIT_CONVERSION = YES;
				GCC_WARN_ABOUT_RETURN_TYPE = YES_ERROR;
				GCC_WARN_UNDECLARED_SELECTOR = YES;
				GCC_WARN_UNINITIALIZED_AUTOS = YES_AGGRESSIVE;
				GCC_WARN_UNUSED_FUNCTION = YES;
				GCC_WARN_UNUSED_VARIABLE = YES;
				IPHONEOS_DEPLOYMENT_TARGET = 9.1;
				MTL_ENABLE_DEBUG_INFO = NO;
				SDKROOT = iphoneos;
				TARGETED_DEVICE_FAMILY = "1,2";
				VALIDATE_PRODUCT = YES;
			};
			name = Release;
		};
		B14395121D336C1E00D37197 /* Debug */ = {
			isa = XCBuildConfiguration;
			buildSettings = {
				ASSETCATALOG_COMPILER_APPICON_NAME = AppIcon;
				INFOPLIST_FILE = ZHTest/Info.plist;
				LD_RUNPATH_SEARCH_PATHS = "$(inherited) @executable_path/Frameworks";
				PRODUCT_BUNDLE_IDENTIFIER = com.epro.ZHTest;
				PRODUCT_NAME = "$(TARGET_NAME)";
			};
			name = Debug;
		};
		B14395131D336C1E00D37197 /* Release */ = {
			isa = XCBuildConfiguration;
			buildSettings = {
				ASSETCATALOG_COMPILER_APPICON_NAME = AppIcon;
				INFOPLIST_FILE = ZHTest/Info.plist;
				LD_RUNPATH_SEARCH_PATHS = "$(inherited) @executable_path/Frameworks";
				PRODUCT_BUNDLE_IDENTIFIER = com.epro.ZHTest;
				PRODUCT_NAME = "$(TARGET_NAME)";
			};
			name = Release;
		};
		B14395151D336C1E00D37197 /* Debug */ = {
			isa = XCBuildConfiguration;
			buildSettings = {
				BUNDLE_LOADER = "$(TEST_HOST)";
				INFOPLIST_FILE = ZHTestTests/Info.plist;
				LD_RUNPATH_SEARCH_PATHS = "$(inherited) @executable_path/Frameworks @loader_path/Frameworks";
				PRODUCT_BUNDLE_IDENTIFIER = com.epro.ZHTestTests;
				PRODUCT_NAME = "$(TARGET_NAME)";
				TEST_HOST = "$(BUILT_PRODUCTS_DIR)/ZHTest.app/ZHTest";
			};
			name = Debug;
		};
		B14395161D336C1E00D37197 /* Release */ = {
			isa = XCBuildConfiguration;
			buildSettings = {
				BUNDLE_LOADER = "$(TEST_HOST)";
				INFOPLIST_FILE = ZHTestTests/Info.plist;
				LD_RUNPATH_SEARCH_PATHS = "$(inherited) @executable_path/Frameworks @loader_path/Frameworks";
				PRODUCT_BUNDLE_IDENTIFIER = com.epro.ZHTestTests;
				PRODUCT_NAME = "$(TARGET_NAME)";
				TEST_HOST = "$(BUILT_PRODUCTS_DIR)/ZHTest.app/ZHTest";
			};
			name = Release;
		};
		B14395181D336C1E00D37197 /* Debug */ = {
			isa = XCBuildConfiguration;
			buildSettings = {
				INFOPLIST_FILE = ZHTestUITests/Info.plist;
				LD_RUNPATH_SEARCH_PATHS = "$(inherited) @executable_path/Frameworks @loader_path/Frameworks";
				PRODUCT_BUNDLE_IDENTIFIER = com.epro.ZHTestUITests;
				PRODUCT_NAME = "$(TARGET_NAME)";
				TEST_TARGET_NAME = ZHTest;
				USES_XCTRUNNER = YES;
			};
			name = Debug;
		};
		B14395191D336C1E00D37197 /* Release */ = {
			isa = XCBuildConfiguration;
			buildSettings = {
				INFOPLIST_FILE = ZHTestUITests/Info.plist;
				LD_RUNPATH_SEARCH_PATHS = "$(inherited) @executable_path/Frameworks @loader_path/Frameworks";
				PRODUCT_BUNDLE_IDENTIFIER = com.epro.ZHTestUITests;
				PRODUCT_NAME = "$(TARGET_NAME)";
				TEST_TARGET_NAME = ZHTest;
				USES_XCTRUNNER = YES;
			};
			name = Release;
		};
/* End XCBuildConfiguration section */

/* Begin XCConfigurationList section */
		B14394DF1D336C1E00D37197 /* Build configuration list for PBXProject "ZHTest" */ = {
			isa = XCConfigurationList;
			buildConfigurations = (
				B143950F1D336C1E00D37197 /* Debug */,
				B14395101D336C1E00D37197 /* Release */,
			);
			defaultConfigurationIsVisible = 0;
			defaultConfigurationName = Release;
		};
		B14395111D336C1E00D37197 /* Build configuration list for PBXNativeTarget "ZHTest" */ = {
			isa = XCConfigurationList;
			buildConfigurations = (
				B14395121D336C1E00D37197 /* Debug */,
				B14395131D336C1E00D37197 /* Release */,
			);
			defaultConfigurationIsVisible = 0;
		};
		B14395141D336C1E00D37197 /* Build configuration list for PBXNativeTarget "ZHTestTests" */ = {
			isa = XCConfigurationList;
			buildConfigurations = (
				B14395151D336C1E00D37197 /* Debug */,
				B14395161D336C1E00D37197 /* Release */,
			);
			defaultConfigurationIsVisible = 0;
		};
		B14395171D336C1E00D37197 /* Build configuration list for PBXNativeTarget "ZHTestUITests" */ = {
			isa = XCConfigurationList;
			buildConfigurations = (
				B14395181D336C1E00D37197 /* Debug */,
				B14395191D336C1E00D37197 /* Release */,
			);
			defaultConfigurationIsVisible = 0;
		};
/* End XCConfigurationList section */
	};
	rootObject = B14394DC1D336C1E00D37197 /* Project object */;
}
